Microsoft Visual Studio Solution File, Format Version 12.00
# Visual Studio Version 17
VisualStudioVersion = 17.5.2.0
MinimumVisualStudioVersion = 10.0.40219.1
Project("{FAE04EC0-301F-11D3-BF4B-00C04F79EFBC}") = "FutureLife.API", "FutureLife.API\FutureLife.API.csproj", "{C3515641-9BC9-7B62-39B0-0FF4EC196C2A}"
EndProject
Global
	GlobalSection(SolutionConfigurationPlatforms) = preSolution
		Debug|Any CPU = Debug|Any CPU
		Release|Any CPU = Release|Any CPU
	EndGlobalSection
	GlobalSection(ProjectConfigurationPlatforms) = postSolution
		{C3515641-9BC9-7B62-39B0-0FF4EC196C2A}.Debug|Any CPU.ActiveCfg = Debug|Any CPU
		{C3515641-9BC9-7B62-39B0-0FF4EC196C2A}.Debug|Any CPU.Build.0 = Debug|Any CPU
		{C3515641-9BC9-7B62-39B0-0FF4EC196C2A}.Release|Any CPU.ActiveCfg = Release|Any CPU
		{C3515641-9BC9-7B62-39B0-0FF4EC196C2A}.Release|Any CPU.Build.0 = Release|Any CPU
	EndGlobalSection
	GlobalSection(SolutionProperties) = preSolution
		HideSolutionNode = FALSE
	EndGlobalSection
	GlobalSection(ExtensibilityGlobals) = postSolution
		SolutionGuid = {EB13A971-9C6E-4C59-BD6D-105458D4E9E8}
	EndGlobalSection
EndGlobal
